
Microsoft Visual Studio Solution File, Format Version 12.00
# Visual Studio Version 17
VisualStudioVersion = 17.10.35004.147
MinimumVisualStudioVersion = 10.0.40219.1
Project("{FAE04EC0-301F-11D3-BF4B-00C04F79EFBC}") = "hw_18_06_2024", "hw_18_06_2024\hw_18_06_2024.csproj", "{674742CD-952E-4909-9209-A28DD5E82A44}"
EndProject
Global
	GlobalSection(SolutionConfigurationPlatforms) = preSolution
		Debug|Any CPU = Debug|Any CPU
		Release|Any CPU = Release|Any CPU
	EndGlobalSection
	GlobalSection(ProjectConfigurationPlatforms) = postSolution
		{674742CD-952E-4909-9209-A28DD5E82A44}.Debug|Any CPU.ActiveCfg = Debug|Any CPU
		{674742CD-952E-4909-9209-A28DD5E82A44}.Debug|Any CPU.Build.0 = Debug|Any CPU
		{674742CD-952E-4909-9209-A28DD5E82A44}.Release|Any CPU.ActiveCfg = Release|Any CPU
		{674742CD-952E-4909-9209-A28DD5E82A44}.Release|Any CPU.Build.0 = Release|Any CPU
	EndGlobalSection
	GlobalSection(SolutionProperties) = preSolution
		HideSolutionNode = FALSE
	EndGlobalSection
	GlobalSection(ExtensibilityGlobals) = postSolution
		SolutionGuid = {605ADE4A-D4D3-46EC-B12E-F2E2BF1846A3}
	EndGlobalSection
EndGlobal
